
Microsoft Visual Studio Solution File, Format Version 12.00
# Visual Studio Version 17
VisualStudioVersion = 17.2.32630.192
MinimumVisualStudioVersion = 10.0.40219.1
Project("{FAE04EC0-301F-11D3-BF4B-00C04F79EFBC}") = "EmployeeManagement", "EmployeeManagement.csproj", "{2E78165B-A8BB-420D-8D33-385962943FC3}"
EndProject
Global
	GlobalSection(SolutionConfigurationPlatforms) = preSolution
		Debug|Any CPU = Debug|Any CPU
		Release|Any CPU = Release|Any CPU
	EndGlobalSection
	GlobalSection(ProjectConfigurationPlatforms) = postSolution
		{2E78165B-A8BB-420D-8D33-385962943FC3}.Debug|Any CPU.ActiveCfg = Debug|Any CPU
		{2E78165B-A8BB-420D-8D33-385962943FC3}.Debug|Any CPU.Build.0 = Debug|Any CPU
		{2E78165B-A8BB-420D-8D33-385962943FC3}.Release|Any CPU.ActiveCfg = Release|Any CPU
		{2E78165B-A8BB-420D-8D33-385962943FC3}.Release|Any CPU.Build.0 = Release|Any CPU
	EndGlobalSection
	GlobalSection(SolutionProperties) = preSolution
		HideSolutionNode = FALSE
	EndGlobalSection
	GlobalSection(ExtensibilityGlobals) = postSolution
		SolutionGuid = {0FDEADC5-8CC4-48DA-B537-42AA3F7EADC5}
	EndGlobalSection
EndGlobal
